
Microsoft Visual Studio Solution File, Format Version 12.00
# Visual Studio Version 16
VisualStudioVersion = 16.0.31205.134
MinimumVisualStudioVersion = 10.0.40219.1
Project("{8BC9CEB8-8B4A-11D0-8D11-00A0C91BC942}") = "test2", "test2\test2.vcxproj", "{3FDBB4B6-9052-439C-9324-D75BA08CE7D2}"
EndProject
Project("{8BC9CEB8-8B4A-11D0-8D11-00A0C91BC942}") = "t", "t\t.vcxproj", "{F97C51BE-221F-4FCA-8E63-AC9ECC62CA98}"
EndProject
Global
	GlobalSection(SolutionConfigurationPlatforms) = preSolution
		Debug|x64 = Debug|x64
		Debug|x86 = Debug|x86
		Release|x64 = Release|x64
		Release|x86 = Release|x86
	EndGlobalSection
	GlobalSection(ProjectConfigurationPlatforms) = postSolution
		{3FDBB4B6-9052-439C-9324-D75BA08CE7D2}.Debug|x64.ActiveCfg = Debug|x64
		{3FDBB4B6-9052-439C-9324-D75BA08CE7D2}.Debug|x64.Build.0 = Debug|x64
		{3FDBB4B6-9052-439C-9324-D75BA08CE7D2}.Debug|x86.ActiveCfg = Debug|Win32
		{3FDBB4B6-9052-439C-9324-D75BA08CE7D2}.Debug|x86.Build.0 = Debug|Win32
		{3FDBB4B6-9052-439C-9324-D75BA08CE7D2}.Release|x64.ActiveCfg = Release|x64
		{3FDBB4B6-9052-439C-9324-D75BA08CE7D2}.Release|x64.Build.0 = Release|x64
		{3FDBB4B6-9052-439C-9324-D75BA08CE7D2}.Release|x86.ActiveCfg = Release|Win32
		{3FDBB4B6-9052-439C-9324-D75BA08CE7D2}.Release|x86.Build.0 = Release|Win32
		{F97C51BE-221F-4FCA-8E63-AC9ECC62CA98}.Debug|x64.ActiveCfg = Debug|x64
		{F97C51BE-221F-4FCA-8E63-AC9ECC62CA98}.Debug|x64.Build.0 = Debug|x64
		{F97C51BE-221F-4FCA-8E63-AC9ECC62CA98}.Debug|x86.ActiveCfg = Debug|Win32
		{F97C51BE-221F-4FCA-8E63-AC9ECC62CA98}.Debug|x86.Build.0 = Debug|Win32
		{F97C51BE-221F-4FCA-8E63-AC9ECC62CA98}.Release|x64.ActiveCfg = Release|x64
		{F97C51BE-221F-4FCA-8E63-AC9ECC62CA98}.Release|x64.Build.0 = Release|x64
		{F97C51BE-221F-4FCA-8E63-AC9ECC62CA98}.Release|x86.ActiveCfg = Release|Win32
		{F97C51BE-221F-4FCA-8E63-AC9ECC62CA98}.Release|x86.Build.0 = Release|Win32
	EndGlobalSection
	GlobalSection(SolutionProperties) = preSolution
		HideSolutionNode = FALSE
	EndGlobalSection
	GlobalSection(ExtensibilityGlobals) = postSolution
		SolutionGuid = {26207A42-9856-48A2-8140-FB99C4076544}
	EndGlobalSection
EndGlobal
